{
  "name": "install-demo-package",
  "version": "1.0.0",
  "lockfileVersion": 3,
  "requires": true,
  "packages": {
    "": {
      "name": "install-demo-package",
      "version": "1.0.0",
      "license": "MIT",
      "dependencies": {
        "demo-npm-package-147": "^0.0.3-beta.0"
      }
    },
    "node_modules/demo-npm-package-147": {
      "version": "0.0.3-beta.0",
      "resolved": "https://registry.npmjs.org/demo-npm-package-147/-/demo-npm-package-147-0.0.3-beta.0.tgz",
      "integrity": "sha512-nD+bnEKponckW3PyBwzHurRJA0vaK2VyIcISzPnl4CSEQ1uYuCc7pTypua8s64ZY/L8NgFWE5h7W2erY8aKDhA=="
    }
  }
}
